<?xml version="1.0" encoding="utf-8"?>
<Project ToolsVersion="4.0" xmlns="http://schemas.microsoft.com/developer/msbuild/2003">
  <ItemGroup>
    <Filter Include="Source Files">
      <UniqueIdentifier>{c8990323-5cbe-4c57-98e1-acf4f5a3e947}</UniqueIdentifier>
      <Extensions>cpp;c;cxx;def;odl;idl;hpj;bat;asm</Extensions>
    </Filter>
    <Filter Include="Header Files">
      <UniqueIdentifier>{c4a4e5b7-3586-4525-a071-0c3f5f96c583}</UniqueIdentifier>
      <Extensions>h;hpp;hxx;hm;inl;inc</Extensions>
    </Filter>
    <Filter Include="Resource Files">
      <UniqueIdentifier>{aa5f6675-df8a-4bb6-ab5c-0e410dae803e}</UniqueIdentifier>
      <Extensions>rc;ico;cur;bmp;dlg;rc2;rct;bin;rgs;jpg;jpeg;jpe;manifest</Extensions>
    </Filter>
  </ItemGroup>
  <ItemGroup>
    <ClCompile Include="AboutDlg.cpp">
      <Filter>Source Files</Filter>
    </ClCompile>
    <ClCompile Include="CheckFile.cpp">
      <Filter>Source Files</Filter>
    </ClCompile>
    <ClCompile Include="Compress.cpp">
      <Filter>Source Files</Filter>
    </ClCompile>
    <ClCompile Include="MainDlg.cpp">
      <Filter>Source Files</Filter>
    </ClCompile>
    <ClCompile Include="..\common\md5\md5.cpp">
      <Filter>Source Files</Filter>
    </ClCompile>
    <ClCompile Include="stdafx.cpp">
      <Filter>Source Files</Filter>
    </ClCompile>
    <ClCompile Include="UpdateTool.cpp">
      <Filter>Source Files</Filter>
    </ClCompile>
  </ItemGroup>
  <ItemGroup>
    <ClInclude Include="AboutDlg.h">
      <Filter>Header Files</Filter>
    </ClInclude>
    <ClInclude Include="CheckFile.h">
      <Filter>Header Files</Filter>
    </ClInclude>
    <ClInclude Include="Compress.h">
      <Filter>Header Files</Filter>
    </ClInclude>
    <ClInclude Include="MainDlg.h">
      <Filter>Header Files</Filter>
    </ClInclude>
    <ClInclude Include="..\common\md5\md5.hpp">
      <Filter>Header Files</Filter>
    </ClInclude>
    <ClInclude Include="resource.h">
      <Filter>Header Files</Filter>
    </ClInclude>
    <ClInclude Include="stdafx.h">
      <Filter>Header Files</Filter>
    </ClInclude>
  </ItemGroup>
  <ItemGroup>
    <Image Include="res\UpdateTools.ico">
      <Filter>Resource Files</Filter>
    </Image>
  </ItemGroup>
  <ItemGroup>
    <ResourceCompile Include="UpdateTools.rc">
      <Filter>Resource Files</Filter>
    </ResourceCompile>
  </ItemGroup>
</Project>