<?xml version="1.0" encoding="utf-8"?>
<Project ToolsVersion="4.0" xmlns="http://schemas.microsoft.com/developer/msbuild/2003">
  <ItemGroup>
    <Filter Include="源文件">
      <UniqueIdentifier>{4FC737F1-C7A5-4376-A066-2A32D752A2FF}</UniqueIdentifier>
      <Extensions>cpp;c;cc;cxx;def;odl;idl;hpj;bat;asm;asmx</Extensions>
    </Filter>
    <Filter Include="源文件\tinyxml">
      <UniqueIdentifier>{b2eaacdd-14a3-4dd5-8869-d7d92ecbe039}</UniqueIdentifier>
    </Filter>
    <Filter Include="源文件\zlib">
      <UniqueIdentifier>{1d6401f5-ce51-4e56-bf4e-93705f2c8e3e}</UniqueIdentifier>
    </Filter>
    <Filter Include="源文件\md5">
      <UniqueIdentifier>{97629291-0f80-47af-99f7-77c88940b986}</UniqueIdentifier>
    </Filter>
    <Filter Include="头文件">
      <UniqueIdentifier>{93995380-89BD-4b04-88EB-625FBE52EBFB}</UniqueIdentifier>
      <Extensions>h;hpp;hxx;hm;inl;inc;xsd</Extensions>
    </Filter>
    <Filter Include="头文件\zlib">
      <UniqueIdentifier>{10c8ae9f-ffc7-434e-ae50-4154ec33b9ab}</UniqueIdentifier>
    </Filter>
    <Filter Include="头文件\md5">
      <UniqueIdentifier>{9bba0afc-943c-4bc1-9c93-1820bb75c19d}</UniqueIdentifier>
    </Filter>
    <Filter Include="头文件\tinyxml">
      <UniqueIdentifier>{27d25e91-923b-43cc-8729-3bd7be10b313}</UniqueIdentifier>
    </Filter>
    <Filter Include="资源文件">
      <UniqueIdentifier>{67DA6AB6-F800-4c08-8B7A-83BB121AAD01}</UniqueIdentifier>
      <Extensions>rc;ico;cur;bmp;dlg;rc2;rct;bin;rgs;gif;jpg;jpeg;jpe;resx;tiff;tif;png;wav</Extensions>
    </Filter>
  </ItemGroup>
  <ItemGroup>
    <ClCompile Include="parser_http_date.cpp">
      <Filter>源文件</Filter>
    </ClCompile>
    <ClCompile Include="uncompress.cpp">
      <Filter>源文件</Filter>
    </ClCompile>
    <ClCompile Include="updater.cpp">
      <Filter>源文件</Filter>
    </ClCompile>
    <ClCompile Include="url.cpp">
      <Filter>源文件</Filter>
    </ClCompile>
    <ClCompile Include="..\common\tinyxml\tinystr.cpp">
      <Filter>源文件\tinyxml</Filter>
    </ClCompile>
    <ClCompile Include="..\common\tinyxml\tinyxml.cpp">
      <Filter>源文件\tinyxml</Filter>
    </ClCompile>
    <ClCompile Include="..\common\tinyxml\tinyxmlerror.cpp">
      <Filter>源文件\tinyxml</Filter>
    </ClCompile>
    <ClCompile Include="..\common\tinyxml\tinyxmlparser.cpp">
      <Filter>源文件\tinyxml</Filter>
    </ClCompile>
    <ClCompile Include="..\common\zlib-1.2.5\adler32.c">
      <Filter>源文件\zlib</Filter>
    </ClCompile>
    <ClCompile Include="..\common\zlib-1.2.5\compress.c">
      <Filter>源文件\zlib</Filter>
    </ClCompile>
    <ClCompile Include="..\common\zlib-1.2.5\crc32.c">
      <Filter>源文件\zlib</Filter>
    </ClCompile>
    <ClCompile Include="..\common\zlib-1.2.5\deflate.c">
      <Filter>源文件\zlib</Filter>
    </ClCompile>
    <ClCompile Include="..\common\zlib-1.2.5\example.c">
      <Filter>源文件\zlib</Filter>
    </ClCompile>
    <ClCompile Include="..\common\zlib-1.2.5\gzclose.c">
      <Filter>源文件\zlib</Filter>
    </ClCompile>
    <ClCompile Include="..\common\zlib-1.2.5\gzlib.c">
      <Filter>源文件\zlib</Filter>
    </ClCompile>
    <ClCompile Include="..\common\zlib-1.2.5\gzread.c">
      <Filter>源文件\zlib</Filter>
    </ClCompile>
    <ClCompile Include="..\common\zlib-1.2.5\gzwrite.c">
      <Filter>源文件\zlib</Filter>
    </ClCompile>
    <ClCompile Include="..\common\zlib-1.2.5\infback.c">
      <Filter>源文件\zlib</Filter>
    </ClCompile>
    <ClCompile Include="..\common\zlib-1.2.5\inffast.c">
      <Filter>源文件\zlib</Filter>
    </ClCompile>
    <ClCompile Include="..\common\zlib-1.2.5\inflate.c">
      <Filter>源文件\zlib</Filter>
    </ClCompile>
    <ClCompile Include="..\common\zlib-1.2.5\inftrees.c">
      <Filter>源文件\zlib</Filter>
    </ClCompile>
    <ClCompile Include="..\common\zlib-1.2.5\ioapi.c">
      <Filter>源文件\zlib</Filter>
    </ClCompile>
    <ClCompile Include="..\common\zlib-1.2.5\ioinbuffer.c">
      <Filter>源文件\zlib</Filter>
    </ClCompile>
    <ClCompile Include="..\common\zlib-1.2.5\iowin32.c">
      <Filter>源文件\zlib</Filter>
    </ClCompile>
    <ClCompile Include="..\common\zlib-1.2.5\mztools.c">
      <Filter>源文件\zlib</Filter>
    </ClCompile>
    <ClCompile Include="..\common\zlib-1.2.5\trees.c">
      <Filter>源文件\zlib</Filter>
    </ClCompile>
    <ClCompile Include="..\common\zlib-1.2.5\uncompr.c">
      <Filter>源文件\zlib</Filter>
    </ClCompile>
    <ClCompile Include="..\common\zlib-1.2.5\unzip.c">
      <Filter>源文件\zlib</Filter>
    </ClCompile>
    <ClCompile Include="..\common\zlib-1.2.5\zip.c">
      <Filter>源文件\zlib</Filter>
    </ClCompile>
    <ClCompile Include="..\common\zlib-1.2.5\zutil.c">
      <Filter>源文件\zlib</Filter>
    </ClCompile>
    <ClCompile Include="..\common\md5\md5.cpp">
      <Filter>源文件\md5</Filter>
    </ClCompile>
  </ItemGroup>
  <ItemGroup>
    <ClInclude Include="uncompress.hpp">
      <Filter>头文件</Filter>
    </ClInclude>
    <ClInclude Include="updater.hpp">
      <Filter>头文件</Filter>
    </ClInclude>
    <ClInclude Include="updater_impl.hpp">
      <Filter>头文件</Filter>
    </ClInclude>
    <ClInclude Include="url.hpp">
      <Filter>头文件</Filter>
    </ClInclude>
    <ClInclude Include="..\common\zlib-1.2.5\crc32.h">
      <Filter>头文件\zlib</Filter>
    </ClInclude>
    <ClInclude Include="..\common\zlib-1.2.5\crypt.h">
      <Filter>头文件\zlib</Filter>
    </ClInclude>
    <ClInclude Include="..\common\zlib-1.2.5\deflate.h">
      <Filter>头文件\zlib</Filter>
    </ClInclude>
    <ClInclude Include="..\common\zlib-1.2.5\gzguts.h">
      <Filter>头文件\zlib</Filter>
    </ClInclude>
    <ClInclude Include="..\common\zlib-1.2.5\inffast.h">
      <Filter>头文件\zlib</Filter>
    </ClInclude>
    <ClInclude Include="..\common\zlib-1.2.5\inffixed.h">
      <Filter>头文件\zlib</Filter>
    </ClInclude>
    <ClInclude Include="..\common\zlib-1.2.5\inflate.h">
      <Filter>头文件\zlib</Filter>
    </ClInclude>
    <ClInclude Include="..\common\zlib-1.2.5\inftrees.h">
      <Filter>头文件\zlib</Filter>
    </ClInclude>
    <ClInclude Include="..\common\zlib-1.2.5\ioapi.h">
      <Filter>头文件\zlib</Filter>
    </ClInclude>
    <ClInclude Include="..\common\zlib-1.2.5\ioinbuffer.h">
      <Filter>头文件\zlib</Filter>
    </ClInclude>
    <ClInclude Include="..\common\zlib-1.2.5\iowin32.h">
      <Filter>头文件\zlib</Filter>
    </ClInclude>
    <ClInclude Include="..\common\zlib-1.2.5\mztools.h">
      <Filter>头文件\zlib</Filter>
    </ClInclude>
    <ClInclude Include="..\common\zlib-1.2.5\trees.h">
      <Filter>头文件\zlib</Filter>
    </ClInclude>
    <ClInclude Include="..\common\zlib-1.2.5\unzip.h">
      <Filter>头文件\zlib</Filter>
    </ClInclude>
    <ClInclude Include="..\common\zlib-1.2.5\zconf.h">
      <Filter>头文件\zlib</Filter>
    </ClInclude>
    <ClInclude Include="..\common\zlib-1.2.5\zip.h">
      <Filter>头文件\zlib</Filter>
    </ClInclude>
    <ClInclude Include="..\common\zlib-1.2.5\zlib.h">
      <Filter>头文件\zlib</Filter>
    </ClInclude>
    <ClInclude Include="..\common\zlib-1.2.5\zutil.h">
      <Filter>头文件\zlib</Filter>
    </ClInclude>
    <ClInclude Include="..\common\md5\md5.hpp">
      <Filter>头文件\md5</Filter>
    </ClInclude>
    <ClInclude Include="..\common\tinyxml\tinystr.h">
      <Filter>头文件\tinyxml</Filter>
    </ClInclude>
    <ClInclude Include="..\common\tinyxml\tinyxml.h">
      <Filter>头文件\tinyxml</Filter>
    </ClInclude>
  </ItemGroup>
</Project>